
Microsoft Visual Studio Solution File, Format Version 12.00
# Visual Studio Version 17
VisualStudioVersion = 17.4.33205.214
MinimumVisualStudioVersion = 10.0.40219.1
Project("{FAE04EC0-301F-11D3-BF4B-00C04F79EFBC}") = "Faktoriyel", "Faktoriyel.csproj", "{237D6DC2-3ADE-4971-AC9F-EB73AA8D7C22}"
EndProject
Global
	GlobalSection(SolutionConfigurationPlatforms) = preSolution
		Debug|Any CPU = Debug|Any CPU
		Release|Any CPU = Release|Any CPU
	EndGlobalSection
	GlobalSection(ProjectConfigurationPlatforms) = postSolution
		{237D6DC2-3ADE-4971-AC9F-EB73AA8D7C22}.Debug|Any CPU.ActiveCfg = Debug|Any CPU
		{237D6DC2-3ADE-4971-AC9F-EB73AA8D7C22}.Debug|Any CPU.Build.0 = Debug|Any CPU
		{237D6DC2-3ADE-4971-AC9F-EB73AA8D7C22}.Release|Any CPU.ActiveCfg = Release|Any CPU
		{237D6DC2-3ADE-4971-AC9F-EB73AA8D7C22}.Release|Any CPU.Build.0 = Release|Any CPU
	EndGlobalSection
	GlobalSection(SolutionProperties) = preSolution
		HideSolutionNode = FALSE
	EndGlobalSection
	GlobalSection(ExtensibilityGlobals) = postSolution
		SolutionGuid = {9870DBC5-44E9-48F3-8A01-E0C0402DE532}
	EndGlobalSection
EndGlobal
